
Microsoft Visual Studio Solution File, Format Version 12.00
# Visual Studio Version 17
VisualStudioVersion = 17.3.32825.248
MinimumVisualStudioVersion = 10.0.40219.1
Project("{FAE04EC0-301F-11D3-BF4B-00C04F79EFBC}") = "Combats", "Combats\Combats.csproj", "{FF5DECE0-A926-4F16-A269-2CC7C0F9FE9C}"
EndProject
Global
	GlobalSection(SolutionConfigurationPlatforms) = preSolution
		Debug|Any CPU = Debug|Any CPU
		Release|Any CPU = Release|Any CPU
	EndGlobalSection
	GlobalSection(ProjectConfigurationPlatforms) = postSolution
		{FF5DECE0-A926-4F16-A269-2CC7C0F9FE9C}.Debug|Any CPU.ActiveCfg = Debug|Any CPU
		{FF5DECE0-A926-4F16-A269-2CC7C0F9FE9C}.Debug|Any CPU.Build.0 = Debug|Any CPU
		{FF5DECE0-A926-4F16-A269-2CC7C0F9FE9C}.Release|Any CPU.ActiveCfg = Release|Any CPU
		{FF5DECE0-A926-4F16-A269-2CC7C0F9FE9C}.Release|Any CPU.Build.0 = Release|Any CPU
	EndGlobalSection
	GlobalSection(SolutionProperties) = preSolution
		HideSolutionNode = FALSE
	EndGlobalSection
	GlobalSection(ExtensibilityGlobals) = postSolution
		SolutionGuid = {2F2CCB1B-A694-48F2-A7ED-7A0BAFA9BFE0}
	EndGlobalSection
EndGlobal
